github.com/joho/godotenv v1.5.1 h1:7eLL/+HRGLY0ldzfGMeQkb7vMd0as4CfYvUVzLqw0N0=
github.com/joho/godotenv v1.5.1/go.mod h1:f4LDr5Voq0i2e/R5DDNOoa2zzDfwtkZa6DnEwAbqwq4=
github.com/mendableai/firecrawl-go v1.0.0 h1:nABWG1eaYtthPAwu8dmUNXz3DcSnV28EdvtHgA5ES+I=
github.com/mendableai/firecrawl-go v1.0.0/go.mod h1:mTGbJ37fy43aaqonp/tdpzCH516jHFw/XVvfFi4QXHo=
